
Microsoft Visual Studio Solution File, Format Version 12.00
# Visual Studio 15
VisualStudioVersion = 15.0.28307.106
MinimumVisualStudioVersion = 10.0.40219.1
Project("{FAE04EC0-301F-11D3-BF4B-00C04F79EFBC}") = "Logy.Android", "Logy\Logy.Android\Logy.Android.csproj", "{5DBBDA11-0A99-48BC-A729-69CFCD172355}"
EndProject
Project("{FAE04EC0-301F-11D3-BF4B-00C04F79EFBC}") = "Logy.iOS", "Logy\Logy.iOS\Logy.iOS.csproj", "{53BED3B3-6993-4DF7-B1F7-08FC549D5F9F}"
EndProject
Project("{FAE04EC0-301F-11D3-BF4B-00C04F79EFBC}") = "Logy.UWP", "Logy\Logy.UWP\Logy.UWP.csproj", "{7F06D634-17C5-4FB5-A5C7-C9EAF9941B63}"
EndProject
Project("{D954291E-2A0B-460D-934E-DC6B0785DB48}") = "Logy", "Logy\Logy\Logy.shproj", "{66FCBD57-676E-4E8D-9F32-6B60DCCBFCB3}"
EndProject
Global
	GlobalSection(SharedMSBuildProjectFiles) = preSolution
		Logy\Logy\Logy.projitems*{53bed3b3-6993-4df7-b1f7-08fc549d5f9f}*SharedItemsImports = 4
		Logy\Logy\Logy.projitems*{5dbbda11-0a99-48bc-a729-69cfcd172355}*SharedItemsImports = 4
		Logy\Logy\Logy.projitems*{66fcbd57-676e-4e8d-9f32-6b60dccbfcb3}*SharedItemsImports = 13
		Logy\Logy\Logy.projitems*{7f06d634-17c5-4fb5-a5c7-c9eaf9941b63}*SharedItemsImports = 4
	EndGlobalSection
	GlobalSection(SolutionConfigurationPlatforms) = preSolution
		Ad-Hoc|Any CPU = Ad-Hoc|Any CPU
		Ad-Hoc|ARM = Ad-Hoc|ARM
		Ad-Hoc|iPhone = Ad-Hoc|iPhone
		Ad-Hoc|iPhoneSimulator = Ad-Hoc|iPhoneSimulator
		Ad-Hoc|x64 = Ad-Hoc|x64
		Ad-Hoc|x86 = Ad-Hoc|x86
		AppStore|Any CPU = AppStore|Any CPU
		AppStore|ARM = AppStore|ARM
		AppStore|iPhone = AppStore|iPhone
		AppStore|iPhoneSimulator = AppStore|iPhoneSimulator
		AppStore|x64 = AppStore|x64
		AppStore|x86 = AppStore|x86
		Debug|Any CPU = Debug|Any CPU
		Debug|ARM = Debug|ARM
		Debug|iPhone = Debug|iPhone
		Debug|iPhoneSimulator = Debug|iPhoneSimulator
		Debug|x64 = Debug|x64
		Debug|x86 = Debug|x86
		Release|Any CPU = Release|Any CPU
		Release|ARM = Release|ARM
		Release|iPhone = Release|iPhone
		Release|iPhoneSimulator = Release|iPhoneSimulator
		Release|x64 = Release|x64
		Release|x86 = Release|x86
	EndGlobalSection
	GlobalSection(ProjectConfigurationPlatforms) = postSolution
		{5DBBDA11-0A99-48BC-A729-69CFCD172355}.Ad-Hoc|Any CPU.ActiveCfg = Release|Any CPU
		{5DBBDA11-0A99-48BC-A729-69CFCD172355}.Ad-Hoc|Any CPU.Build.0 = Release|Any CPU
		{5DBBDA11-0A99-48BC-A729-69CFCD172355}.Ad-Hoc|Any CPU.Deploy.0 = Release|Any CPU
		{5DBBDA11-0A99-48BC-A729-69CFCD172355}.Ad-Hoc|ARM.ActiveCfg = Release|Any CPU
		{5DBBDA11-0A99-48BC-A729-69CFCD172355}.Ad-Hoc|ARM.Build.0 = Release|Any CPU
		{5DBBDA11-0A99-48BC-A729-69CFCD172355}.Ad-Hoc|ARM.Deploy.0 = Release|Any CPU
		{5DBBDA11-0A99-48BC-A729-69CFCD172355}.Ad-Hoc|iPhone.ActiveCfg = Release|Any CPU
		{5DBBDA11-0A99-48BC-A729-69CFCD172355}.Ad-Hoc|iPhone.Build.0 = Release|Any CPU
		{5DBBDA11-0A99-48BC-A729-69CFCD172355}.Ad-Hoc|iPhone.Deploy.0 = Release|Any CPU
		{5DBBDA11-0A99-48BC-A729-69CFCD172355}.Ad-Hoc|iPhoneSimulator.ActiveCfg = Release|Any CPU
		{5DBBDA11-0A99-48BC-A729-69CFCD172355}.Ad-Hoc|iPhoneSimulator.Build.0 = Release|Any CPU
		{5DBBDA11-0A99-48BC-A729-69CFCD172355}.Ad-Hoc|iPhoneSimulator.Deploy.0 = Release|Any CPU
		{5DBBDA11-0A99-48BC-A729-69CFCD172355}.Ad-Hoc|x64.ActiveCfg = Release|Any CPU
		{5DBBDA11-0A99-48BC-A729-69CFCD172355}.Ad-Hoc|x64.Build.0 = Release|Any CPU
		{5DBBDA11-0A99-48BC-A729-69CFCD172355}.Ad-Hoc|x64.Deploy.0 = Release|Any CPU
		{5DBBDA11-0A99-48BC-A729-69CFCD172355}.Ad-Hoc|x86.ActiveCfg = Release|Any CPU
		{5DBBDA11-0A99-48BC-A729-69CFCD172355}.Ad-Hoc|x86.Build.0 = Release|Any CPU
		{5DBBDA11-0A99-48BC-A729-69CFCD172355}.Ad-Hoc|x86.Deploy.0 = Release|Any CPU
		{5DBBDA11-0A99-48BC-A729-69CFCD172355}.AppStore|Any CPU.ActiveCfg = Release|Any CPU
		{5DBBDA11-0A99-48BC-A729-69CFCD172355}.AppStore|Any CPU.Build.0 = Release|Any CPU
		{5DBBDA11-0A99-48BC-A729-69CFCD172355}.AppStore|Any CPU.Deploy.0 = Release|Any CPU
		{5DBBDA11-0A99-48BC-A729-69CFCD172355}.AppStore|ARM.ActiveCfg = Release|Any CPU
		{5DBBDA11-0A99-48BC-A729-69CFCD172355}.AppStore|ARM.Build.0 = Release|Any CPU
		{5DBBDA11-0A99-48BC-A729-69CFCD172355}.AppStore|ARM.Deploy.0 = Release|Any CPU
		{5DBBDA11-0A99-48BC-A729-69CFCD172355}.AppStore|iPhone.ActiveCfg = Release|Any CPU
		{5DBBDA11-0A99-48BC-A729-69CFCD172355}.AppStore|iPhone.Build.0 = Release|Any CPU
		{5DBBDA11-0A99-48BC-A729-69CFCD172355}.AppStore|iPhone.Deploy.0 = Release|Any CPU
		{5DBBDA11-0A99-48BC-A729-69CFCD172355}.AppStore|iPhoneSimulator.ActiveCfg = Release|Any CPU
		{5DBBDA11-0A99-48BC-A729-69CFCD172355}.AppStore|iPhoneSimulator.Build.0 = Release|Any CPU
		{5DBBDA11-0A99-48BC-A729-69CFCD172355}.AppStore|iPhoneSimulator.Deploy.0 = Release|Any CPU
		{5DBBDA11-0A99-48BC-A729-69CFCD172355}.AppStore|x64.ActiveCfg = Release|Any CPU
		{5DBBDA11-0A99-48BC-A729-69CFCD172355}.AppStore|x64.Build.0 = Release|Any CPU
		{5DBBDA11-0A99-48BC-A729-69CFCD172355}.AppStore|x64.Deploy.0 = Release|Any CPU
		{5DBBDA11-0A99-48BC-A729-69CFCD172355}.AppStore|x86.ActiveCfg = Release|Any CPU
		{5DBBDA11-0A99-48BC-A729-69CFCD172355}.AppStore|x86.Build.0 = Release|Any CPU
		{5DBBDA11-0A99-48BC-A729-69CFCD172355}.AppStore|x86.Deploy.0 = Release|Any CPU
		{5DBBDA11-0A99-48BC-A729-69CFCD172355}.Debug|Any CPU.ActiveCfg = Debug|Any CPU
		{5DBBDA11-0A99-48BC-A729-69CFCD172355}.Debug|Any CPU.Build.0 = Debug|Any CPU
		{5DBBDA11-0A99-48BC-A729-69CFCD172355}.Debug|Any CPU.Deploy.0 = Debug|Any CPU
		{5DBBDA11-0A99-48BC-A729-69CFCD172355}.Debug|ARM.ActiveCfg = Debug|Any CPU
		{5DBBDA11-0A99-48BC-A729-69CFCD172355}.Debug|ARM.Build.0 = Debug|Any CPU
		{5DBBDA11-0A99-48BC-A729-69CFCD172355}.Debug|ARM.Deploy.0 = Debug|Any CPU
		{5DBBDA11-0A99-48BC-A729-69CFCD172355}.Debug|iPhone.ActiveCfg = Debug|Any CPU
		{5DBBDA11-0A99-48BC-A729-69CFCD172355}.Debug|iPhone.Build.0 = Debug|Any CPU
		{5DBBDA11-0A99-48BC-A729-69CFCD172355}.Debug|iPhone.Deploy.0 = Debug|Any CPU
		{5DBBDA11-0A99-48BC-A729-69CFCD172355}.Debug|iPhoneSimulator.ActiveCfg = Debug|Any CPU
		{5DBBDA11-0A99-48BC-A729-69CFCD172355}.Debug|iPhoneSimulator.Build.0 = Debug|Any CPU
		{5DBBDA11-0A99-48BC-A729-69CFCD172355}.Debug|iPhoneSimulator.Deploy.0 = Debug|Any CPU
		{5DBBDA11-0A99-48BC-A729-69CFCD172355}.Debug|x64.ActiveCfg = Debug|Any CPU
		{5DBBDA11-0A99-48BC-A729-69CFCD172355}.Debug|x64.Build.0 = Debug|Any CPU
		{5DBBDA11-0A99-48BC-A729-69CFCD172355}.Debug|x64.Deploy.0 = Debug|Any CPU
		{5DBBDA11-0A99-48BC-A729-69CFCD172355}.Debug|x86.ActiveCfg = Debug|Any CPU
		{5DBBDA11-0A99-48BC-A729-69CFCD172355}.Debug|x86.Build.0 = Debug|Any CPU
		{5DBBDA11-0A99-48BC-A729-69CFCD172355}.Debug|x86.Deploy.0 = Debug|Any CPU
		{5DBBDA11-0A99-48BC-A729-69CFCD172355}.Release|Any CPU.ActiveCfg = Release|Any CPU
		{5DBBDA11-0A99-48BC-A729-69CFCD172355}.Release|Any CPU.Build.0 = Release|Any CPU
		{5DBBDA11-0A99-48BC-A729-69CFCD172355}.Release|Any CPU.Deploy.0 = Release|Any CPU
		{5DBBDA11-0A99-48BC-A729-69CFCD172355}.Release|ARM.ActiveCfg = Release|Any CPU
		{5DBBDA11-0A99-48BC-A729-69CFCD172355}.Release|ARM.Build.0 = Release|Any CPU
		{5DBBDA11-0A99-48BC-A729-69CFCD172355}.Release|ARM.Deploy.0 = Release|Any CPU
		{5DBBDA11-0A99-48BC-A729-69CFCD172355}.Release|iPhone.ActiveCfg = Release|Any CPU
		{5DBBDA11-0A99-48BC-A729-69CFCD172355}.Release|iPhone.Build.0 = Release|Any CPU
		{5DBBDA11-0A99-48BC-A729-69CFCD172355}.Release|iPhone.Deploy.0 = Release|Any CPU
		{5DBBDA11-0A99-48BC-A729-69CFCD172355}.Release|iPhoneSimulator.ActiveCfg = Release|Any CPU
		{5DBBDA11-0A99-48BC-A729-69CFCD172355}.Release|iPhoneSimulator.Build.0 = Release|Any CPU
		{5DBBDA11-0A99-48BC-A729-69CFCD172355}.Release|iPhoneSimulator.Deploy.0 = Release|Any CPU
		{5DBBDA11-0A99-48BC-A729-69CFCD172355}.Release|x64.ActiveCfg = Release|Any CPU
		{5DBBDA11-0A99-48BC-A729-69CFCD172355}.Release|x64.Build.0 = Release|Any CPU
		{5DBBDA11-0A99-48BC-A729-69CFCD172355}.Release|x64.Deploy.0 = Release|Any CPU
		{5DBBDA11-0A99-48BC-A729-69CFCD172355}.Release|x86.ActiveCfg = Release|Any CPU
		{5DBBDA11-0A99-48BC-A729-69CFCD172355}.Release|x86.Build.0 = Release|Any CPU
		{5DBBDA11-0A99-48BC-A729-69CFCD172355}.Release|x86.Deploy.0 = Release|Any CPU
		{53BED3B3-6993-4DF7-B1F7-08FC549D5F9F}.Ad-Hoc|Any CPU.ActiveCfg = Ad-Hoc|iPhone
		{53BED3B3-6993-4DF7-B1F7-08FC549D5F9F}.Ad-Hoc|Any CPU.Build.0 = Ad-Hoc|iPhone
		{53BED3B3-6993-4DF7-B1F7-08FC549D5F9F}.Ad-Hoc|Any CPU.Deploy.0 = Ad-Hoc|iPhone
		{53BED3B3-6993-4DF7-B1F7-08FC549D5F9F}.Ad-Hoc|ARM.ActiveCfg = Ad-Hoc|iPhone
		{53BED3B3-6993-4DF7-B1F7-08FC549D5F9F}.Ad-Hoc|ARM.Build.0 = Ad-Hoc|iPhone
		{53BED3B3-6993-4DF7-B1F7-08FC549D5F9F}.Ad-Hoc|ARM.Deploy.0 = Ad-Hoc|iPhone
		{53BED3B3-6993-4DF7-B1F7-08FC549D5F9F}.Ad-Hoc|iPhone.ActiveCfg = Ad-Hoc|iPhone
		{53BED3B3-6993-4DF7-B1F7-08FC549D5F9F}.Ad-Hoc|iPhone.Build.0 = Ad-Hoc|iPhone
		{53BED3B3-6993-4DF7-B1F7-08FC549D5F9F}.Ad-Hoc|iPhone.Deploy.0 = Ad-Hoc|iPhone
		{53BED3B3-6993-4DF7-B1F7-08FC549D5F9F}.Ad-Hoc|iPhoneSimulator.ActiveCfg = Ad-Hoc|iPhoneSimulator
		{53BED3B3-6993-4DF7-B1F7-08FC549D5F9F}.Ad-Hoc|iPhoneSimulator.Build.0 = Ad-Hoc|iPhoneSimulator
		{53BED3B3-6993-4DF7-B1F7-08FC549D5F9F}.Ad-Hoc|iPhoneSimulator.Deploy.0 = Ad-Hoc|iPhoneSimulator
		{53BED3B3-6993-4DF7-B1F7-08FC549D5F9F}.Ad-Hoc|x64.ActiveCfg = Ad-Hoc|iPhone
		{53BED3B3-6993-4DF7-B1F7-08FC549D5F9F}.Ad-Hoc|x64.Build.0 = Ad-Hoc|iPhone
		{53BED3B3-6993-4DF7-B1F7-08FC549D5F9F}.Ad-Hoc|x64.Deploy.0 = Ad-Hoc|iPhone
		{53BED3B3-6993-4DF7-B1F7-08FC549D5F9F}.Ad-Hoc|x86.ActiveCfg = Ad-Hoc|iPhone
		{53BED3B3-6993-4DF7-B1F7-08FC549D5F9F}.Ad-Hoc|x86.Build.0 = Ad-Hoc|iPhone
		{53BED3B3-6993-4DF7-B1F7-08FC549D5F9F}.Ad-Hoc|x86.Deploy.0 = Ad-Hoc|iPhone
		{53BED3B3-6993-4DF7-B1F7-08FC549D5F9F}.AppStore|Any CPU.ActiveCfg = AppStore|iPhone
		{53BED3B3-6993-4DF7-B1F7-08FC549D5F9F}.AppStore|Any CPU.Build.0 = AppStore|iPhone
		{53BED3B3-6993-4DF7-B1F7-08FC549D5F9F}.AppStore|Any CPU.Deploy.0 = AppStore|iPhone
		{53BED3B3-6993-4DF7-B1F7-08FC549D5F9F}.AppStore|ARM.ActiveCfg = AppStore|iPhone
		{53BED3B3-6993-4DF7-B1F7-08FC549D5F9F}.AppStore|ARM.Build.0 = AppStore|iPhone
		{53BED3B3-6993-4DF7-B1F7-08FC549D5F9F}.AppStore|ARM.Deploy.0 = AppStore|iPhone
		{53BED3B3-6993-4DF7-B1F7-08FC549D5F9F}.AppStore|iPhone.ActiveCfg = AppStore|iPhone
		{53BED3B3-6993-4DF7-B1F7-08FC549D5F9F}.AppStore|iPhone.Build.0 = AppStore|iPhone
		{53BED3B3-6993-4DF7-B1F7-08FC549D5F9F}.AppStore|iPhone.Deploy.0 = AppStore|iPhone
		{53BED3B3-6993-4DF7-B1F7-08FC549D5F9F}.AppStore|iPhoneSimulator.ActiveCfg = AppStore|iPhoneSimulator
		{53BED3B3-6993-4DF7-B1F7-08FC549D5F9F}.AppStore|iPhoneSimulator.Build.0 = AppStore|iPhoneSimulator
		{53BED3B3-6993-4DF7-B1F7-08FC549D5F9F}.AppStore|iPhoneSimulator.Deploy.0 = AppStore|iPhoneSimulator
		{53BED3B3-6993-4DF7-B1F7-08FC549D5F9F}.AppStore|x64.ActiveCfg = AppStore|iPhone
		{53BED3B3-6993-4DF7-B1F7-08FC549D5F9F}.AppStore|x64.Build.0 = AppStore|iPhone
		{53BED3B3-6993-4DF7-B1F7-08FC549D5F9F}.AppStore|x64.Deploy.0 = AppStore|iPhone
		{53BED3B3-6993-4DF7-B1F7-08FC549D5F9F}.AppStore|x86.ActiveCfg = AppStore|iPhone
		{53BED3B3-6993-4DF7-B1F7-08FC549D5F9F}.AppStore|x86.Build.0 = AppStore|iPhone
		{53BED3B3-6993-4DF7-B1F7-08FC549D5F9F}.AppStore|x86.Deploy.0 = AppStore|iPhone
		{53BED3B3-6993-4DF7-B1F7-08FC549D5F9F}.Debug|Any CPU.ActiveCfg = Debug|iPhoneSimulator
		{53BED3B3-6993-4DF7-B1F7-08FC549D5F9F}.Debug|Any CPU.Build.0 = Debug|iPhoneSimulator
		{53BED3B3-6993-4DF7-B1F7-08FC549D5F9F}.Debug|Any CPU.Deploy.0 = Debug|iPhoneSimulator
		{53BED3B3-6993-4DF7-B1F7-08FC549D5F9F}.Debug|ARM.ActiveCfg = Debug|iPhone
		{53BED3B3-6993-4DF7-B1F7-08FC549D5F9F}.Debug|ARM.Build.0 = Debug|iPhone
		{53BED3B3-6993-4DF7-B1F7-08FC549D5F9F}.Debug|ARM.Deploy.0 = Debug|iPhone
		{53BED3B3-6993-4DF7-B1F7-08FC549D5F9F}.Debug|iPhone.ActiveCfg = Debug|iPhone
		{53BED3B3-6993-4DF7-B1F7-08FC549D5F9F}.Debug|iPhone.Build.0 = Debug|iPhone
		{53BED3B3-6993-4DF7-B1F7-08FC549D5F9F}.Debug|iPhone.Deploy.0 = Debug|iPhone
		{53BED3B3-6993-4DF7-B1F7-08FC549D5F9F}.Debug|iPhoneSimulator.ActiveCfg = Debug|iPhoneSimulator
		{53BED3B3-6993-4DF7-B1F7-08FC549D5F9F}.Debug|iPhoneSimulator.Build.0 = Debug|iPhoneSimulator
		{53BED3B3-6993-4DF7-B1F7-08FC549D5F9F}.Debug|iPhoneSimulator.Deploy.0 = Debug|iPhoneSimulator
		{53BED3B3-6993-4DF7-B1F7-08FC549D5F9F}.Debug|x64.ActiveCfg = Debug|iPhone
		{53BED3B3-6993-4DF7-B1F7-08FC549D5F9F}.Debug|x64.Build.0 = Debug|iPhone
		{53BED3B3-6993-4DF7-B1F7-08FC549D5F9F}.Debug|x64.Deploy.0 = Debug|iPhone
		{53BED3B3-6993-4DF7-B1F7-08FC549D5F9F}.Debug|x86.ActiveCfg = Debug|iPhone
		{53BED3B3-6993-4DF7-B1F7-08FC549D5F9F}.Debug|x86.Build.0 = Debug|iPhone
		{53BED3B3-6993-4DF7-B1F7-08FC549D5F9F}.Debug|x86.Deploy.0 = Debug|iPhone
		{53BED3B3-6993-4DF7-B1F7-08FC549D5F9F}.Release|Any CPU.ActiveCfg = Release|iPhone
		{53BED3B3-6993-4DF7-B1F7-08FC549D5F9F}.Release|Any CPU.Build.0 = Release|iPhone
		{53BED3B3-6993-4DF7-B1F7-08FC549D5F9F}.Release|Any CPU.Deploy.0 = Release|iPhone
		{53BED3B3-6993-4DF7-B1F7-08FC549D5F9F}.Release|ARM.ActiveCfg = Release|iPhone
		{53BED3B3-6993-4DF7-B1F7-08FC549D5F9F}.Release|ARM.Build.0 = Release|iPhone
		{53BED3B3-6993-4DF7-B1F7-08FC549D5F9F}.Release|ARM.Deploy.0 = Release|iPhone
		{53BED3B3-6993-4DF7-B1F7-08FC549D5F9F}.Release|iPhone.ActiveCfg = Release|iPhone
		{53BED3B3-6993-4DF7-B1F7-08FC549D5F9F}.Release|iPhone.Build.0 = Release|iPhone
		{53BED3B3-6993-4DF7-B1F7-08FC549D5F9F}.Release|iPhone.Deploy.0 = Release|iPhone
		{53BED3B3-6993-4DF7-B1F7-08FC549D5F9F}.Release|iPhoneSimulator.ActiveCfg = Release|iPhoneSimulator
		{53BED3B3-6993-4DF7-B1F7-08FC549D5F9F}.Release|iPhoneSimulator.Build.0 = Release|iPhoneSimulator
		{53BED3B3-6993-4DF7-B1F7-08FC549D5F9F}.Release|iPhoneSimulator.Deploy.0 = Release|iPhoneSimulator
		{53BED3B3-6993-4DF7-B1F7-08FC549D5F9F}.Release|x64.ActiveCfg = Release|iPhone
		{53BED3B3-6993-4DF7-B1F7-08FC549D5F9F}.Release|x64.Build.0 = Release|iPhone
		{53BED3B3-6993-4DF7-B1F7-08FC549D5F9F}.Release|x64.Deploy.0 = Release|iPhone
		{53BED3B3-6993-4DF7-B1F7-08FC549D5F9F}.Release|x86.ActiveCfg = Release|iPhone
		{53BED3B3-6993-4DF7-B1F7-08FC549D5F9F}.Release|x86.Build.0 = Release|iPhone
		{53BED3B3-6993-4DF7-B1F7-08FC549D5F9F}.Release|x86.Deploy.0 = Release|iPhone
		{7F06D634-17C5-4FB5-A5C7-C9EAF9941B63}.Ad-Hoc|Any CPU.ActiveCfg = Release|x86
		{7F06D634-17C5-4FB5-A5C7-C9EAF9941B63}.Ad-Hoc|Any CPU.Build.0 = Release|x86
		{7F06D634-17C5-4FB5-A5C7-C9EAF9941B63}.Ad-Hoc|Any CPU.Deploy.0 = Release|x86
		{7F06D634-17C5-4FB5-A5C7-C9EAF9941B63}.Ad-Hoc|ARM.ActiveCfg = Release|ARM
		{7F06D634-17C5-4FB5-A5C7-C9EAF9941B63}.Ad-Hoc|ARM.Build.0 = Release|ARM
		{7F06D634-17C5-4FB5-A5C7-C9EAF9941B63}.Ad-Hoc|ARM.Deploy.0 = Release|ARM
		{7F06D634-17C5-4FB5-A5C7-C9EAF9941B63}.Ad-Hoc|iPhone.ActiveCfg = Release|x86
		{7F06D634-17C5-4FB5-A5C7-C9EAF9941B63}.Ad-Hoc|iPhone.Build.0 = Release|x86
		{7F06D634-17C5-4FB5-A5C7-C9EAF9941B63}.Ad-Hoc|iPhone.Deploy.0 = Release|x86
		{7F06D634-17C5-4FB5-A5C7-C9EAF9941B63}.Ad-Hoc|iPhoneSimulator.ActiveCfg = Release|x86
		{7F06D634-17C5-4FB5-A5C7-C9EAF9941B63}.Ad-Hoc|iPhoneSimulator.Build.0 = Release|x86
		{7F06D634-17C5-4FB5-A5C7-C9EAF9941B63}.Ad-Hoc|iPhoneSimulator.Deploy.0 = Release|x86
		{7F06D634-17C5-4FB5-A5C7-C9EAF9941B63}.Ad-Hoc|x64.ActiveCfg = Release|x64
		{7F06D634-17C5-4FB5-A5C7-C9EAF9941B63}.Ad-Hoc|x64.Build.0 = Release|x64
		{7F06D634-17C5-4FB5-A5C7-C9EAF9941B63}.Ad-Hoc|x64.Deploy.0 = Release|x64
		{7F06D634-17C5-4FB5-A5C7-C9EAF9941B63}.Ad-Hoc|x86.ActiveCfg = Release|x86
		{7F06D634-17C5-4FB5-A5C7-C9EAF9941B63}.Ad-Hoc|x86.Build.0 = Release|x86
		{7F06D634-17C5-4FB5-A5C7-C9EAF9941B63}.Ad-Hoc|x86.Deploy.0 = Release|x86
		{7F06D634-17C5-4FB5-A5C7-C9EAF9941B63}.AppStore|Any CPU.ActiveCfg = Release|x86
		{7F06D634-17C5-4FB5-A5C7-C9EAF9941B63}.AppStore|Any CPU.Build.0 = Release|x86
		{7F06D634-17C5-4FB5-A5C7-C9EAF9941B63}.AppStore|Any CPU.Deploy.0 = Release|x86
		{7F06D634-17C5-4FB5-A5C7-C9EAF9941B63}.AppStore|ARM.ActiveCfg = Release|ARM
		{7F06D634-17C5-4FB5-A5C7-C9EAF9941B63}.AppStore|ARM.Build.0 = Release|ARM
		{7F06D634-17C5-4FB5-A5C7-C9EAF9941B63}.AppStore|ARM.Deploy.0 = Release|ARM
		{7F06D634-17C5-4FB5-A5C7-C9EAF9941B63}.AppStore|iPhone.ActiveCfg = Release|x86
		{7F06D634-17C5-4FB5-A5C7-C9EAF9941B63}.AppStore|iPhone.Build.0 = Release|x86
		{7F06D634-17C5-4FB5-A5C7-C9EAF9941B63}.AppStore|iPhone.Deploy.0 = Release|x86
		{7F06D634-17C5-4FB5-A5C7-C9EAF9941B63}.AppStore|iPhoneSimulator.ActiveCfg = Release|x86
		{7F06D634-17C5-4FB5-A5C7-C9EAF9941B63}.AppStore|iPhoneSimulator.Build.0 = Release|x86
		{7F06D634-17C5-4FB5-A5C7-C9EAF9941B63}.AppStore|iPhoneSimulator.Deploy.0 = Release|x86
		{7F06D634-17C5-4FB5-A5C7-C9EAF9941B63}.AppStore|x64.ActiveCfg = Release|x64
		{7F06D634-17C5-4FB5-A5C7-C9EAF9941B63}.AppStore|x64.Build.0 = Release|x64
		{7F06D634-17C5-4FB5-A5C7-C9EAF9941B63}.AppStore|x64.Deploy.0 = Release|x64
		{7F06D634-17C5-4FB5-A5C7-C9EAF9941B63}.AppStore|x86.ActiveCfg = Release|x86
		{7F06D634-17C5-4FB5-A5C7-C9EAF9941B63}.AppStore|x86.Build.0 = Release|x86
		{7F06D634-17C5-4FB5-A5C7-C9EAF9941B63}.AppStore|x86.Deploy.0 = Release|x86
		{7F06D634-17C5-4FB5-A5C7-C9EAF9941B63}.Debug|Any CPU.ActiveCfg = Debug|x86
		{7F06D634-17C5-4FB5-A5C7-C9EAF9941B63}.Debug|Any CPU.Build.0 = Debug|x86
		{7F06D634-17C5-4FB5-A5C7-C9EAF9941B63}.Debug|Any CPU.Deploy.0 = Debug|x86
		{7F06D634-17C5-4FB5-A5C7-C9EAF9941B63}.Debug|ARM.ActiveCfg = Debug|ARM
		{7F06D634-17C5-4FB5-A5C7-C9EAF9941B63}.Debug|ARM.Build.0 = Debug|ARM
		{7F06D634-17C5-4FB5-A5C7-C9EAF9941B63}.Debug|ARM.Deploy.0 = Debug|ARM
		{7F06D634-17C5-4FB5-A5C7-C9EAF9941B63}.Debug|iPhone.ActiveCfg = Debug|x86
		{7F06D634-17C5-4FB5-A5C7-C9EAF9941B63}.Debug|iPhone.Build.0 = Debug|x86
		{7F06D634-17C5-4FB5-A5C7-C9EAF9941B63}.Debug|iPhone.Deploy.0 = Debug|x86
		{7F06D634-17C5-4FB5-A5C7-C9EAF9941B63}.Debug|iPhoneSimulator.ActiveCfg = Debug|x86
		{7F06D634-17C5-4FB5-A5C7-C9EAF9941B63}.Debug|iPhoneSimulator.Build.0 = Debug|x86
		{7F06D634-17C5-4FB5-A5C7-C9EAF9941B63}.Debug|iPhoneSimulator.Deploy.0 = Debug|x86
		{7F06D634-17C5-4FB5-A5C7-C9EAF9941B63}.Debug|x64.ActiveCfg = Debug|x64
		{7F06D634-17C5-4FB5-A5C7-C9EAF9941B63}.Debug|x64.Build.0 = Debug|x64
		{7F06D634-17C5-4FB5-A5C7-C9EAF9941B63}.Debug|x64.Deploy.0 = Debug|x64
		{7F06D634-17C5-4FB5-A5C7-C9EAF9941B63}.Debug|x86.ActiveCfg = Debug|x86
		{7F06D634-17C5-4FB5-A5C7-C9EAF9941B63}.Debug|x86.Build.0 = Debug|x86
		{7F06D634-17C5-4FB5-A5C7-C9EAF9941B63}.Debug|x86.Deploy.0 = Debug|x86
		{7F06D634-17C5-4FB5-A5C7-C9EAF9941B63}.Release|Any CPU.ActiveCfg = Release|x86
		{7F06D634-17C5-4FB5-A5C7-C9EAF9941B63}.Release|Any CPU.Build.0 = Release|x86
		{7F06D634-17C5-4FB5-A5C7-C9EAF9941B63}.Release|Any CPU.Deploy.0 = Release|x86
		{7F06D634-17C5-4FB5-A5C7-C9EAF9941B63}.Release|ARM.ActiveCfg = Release|ARM
		{7F06D634-17C5-4FB5-A5C7-C9EAF9941B63}.Release|ARM.Build.0 = Release|ARM
		{7F06D634-17C5-4FB5-A5C7-C9EAF9941B63}.Release|ARM.Deploy.0 = Release|ARM
		{7F06D634-17C5-4FB5-A5C7-C9EAF9941B63}.Release|iPhone.ActiveCfg = Release|x86
		{7F06D634-17C5-4FB5-A5C7-C9EAF9941B63}.Release|iPhone.Build.0 = Release|x86
		{7F06D634-17C5-4FB5-A5C7-C9EAF9941B63}.Release|iPhone.Deploy.0 = Release|x86
		{7F06D634-17C5-4FB5-A5C7-C9EAF9941B63}.Release|iPhoneSimulator.ActiveCfg = Release|x86
		{7F06D634-17C5-4FB5-A5C7-C9EAF9941B63}.Release|iPhoneSimulator.Build.0 = Release|x86
		{7F06D634-17C5-4FB5-A5C7-C9EAF9941B63}.Release|iPhoneSimulator.Deploy.0 = Release|x86
		{7F06D634-17C5-4FB5-A5C7-C9EAF9941B63}.Release|x64.ActiveCfg = Release|x64
		{7F06D634-17C5-4FB5-A5C7-C9EAF9941B63}.Release|x64.Build.0 = Release|x64
		{7F06D634-17C5-4FB5-A5C7-C9EAF9941B63}.Release|x64.Deploy.0 = Release|x64
		{7F06D634-17C5-4FB5-A5C7-C9EAF9941B63}.Release|x86.ActiveCfg = Release|x86
		{7F06D634-17C5-4FB5-A5C7-C9EAF9941B63}.Release|x86.Build.0 = Release|x86
		{7F06D634-17C5-4FB5-A5C7-C9EAF9941B63}.Release|x86.Deploy.0 = Release|x86
	EndGlobalSection
	GlobalSection(SolutionProperties) = preSolution
		HideSolutionNode = FALSE
	EndGlobalSection
	GlobalSection(ExtensibilityGlobals) = postSolution
		SolutionGuid = {16B6E799-D924-4248-877A-7123D2BC5020}
	EndGlobalSection
EndGlobal
